// !$*UTF8*$!
{
	archiveVersion = 1;
	classes = {
	};
	objectVersion = 46;
	objects = {

/* Begin PBXBuildFile section */
		21418AA61C589D78007105AE /* type.swift in Sources */ = {isa = PBXBuildFile; fileRef = 21418AA51C589D78007105AE /* type.swift */; };
		21428F751C574A6800A0B25B /* operator.swift in Sources */ = {isa = PBXBuildFile; fileRef = 21428F741C574A6800A0B25B /* operator.swift */; };
		2144362C1C55BEF20077AD77 /* generics.swift in Sources */ = {isa = PBXBuildFile; fileRef = 2144362B1C55BEF20077AD77 /* generics.swift */; };
		2144362E1C55FD910077AD77 /* AccessControl.swift in Sources */ = {isa = PBXBuildFile; fileRef = 2144362D1C55FD910077AD77 /* AccessControl.swift */; };
		217CAA931C521B1400736866 /* initializer.swift in Sources */ = {isa = PBXBuildFile; fileRef = 217CAA921C521B1400736866 /* initializer.swift */; };
		B93BA3211C41F5FD00A87486 /* main.swift in Sources */ = {isa = PBXBuildFile; fileRef = B93BA3201C41F5FD00A87486 /* main.swift */; };
		B9F775FD1C5327C20039BCEB /* ASwiftTour.swift in Sources */ = {isa = PBXBuildFile; fileRef = B9F775FC1C5327C20039BCEB /* ASwiftTour.swift */; };
		B9F775FF1C532B5B0039BCEB /* String.swift in Sources */ = {isa = PBXBuildFile; fileRef = B9F775FE1C532B5B0039BCEB /* String.swift */; };
		B9F776011C532B7E0039BCEB /* SetArrayDict.swift in Sources */ = {isa = PBXBuildFile; fileRef = B9F776001C532B7E0039BCEB /* SetArrayDict.swift */; };
		B9F776031C532C120039BCEB /* Control.swift in Sources */ = {isa = PBXBuildFile; fileRef = B9F776021C532C120039BCEB /* Control.swift */; };
		B9F776051C532CCC0039BCEB /* fun.swift in Sources */ = {isa = PBXBuildFile; fileRef = B9F776041C532CCC0039BCEB /* fun.swift */; };
		B9F776071C532D600039BCEB /* closure.swift in Sources */ = {isa = PBXBuildFile; fileRef = B9F776061C532D600039BCEB /* closure.swift */; };
		B9F776091C532DA00039BCEB /* enum.swift in Sources */ = {isa = PBXBuildFile; fileRef = B9F776081C532DA00039BCEB /* enum.swift */; };
		B9F7760B1C532E520039BCEB /* ARC.swift in Sources */ = {isa = PBXBuildFile; fileRef = B9F7760A1C532E520039BCEB /* ARC.swift */; };
		B9F7760D1C5337D10039BCEB /* OptionalChaining.swift in Sources */ = {isa = PBXBuildFile; fileRef = B9F7760C1C5337D10039BCEB /* OptionalChaining.swift */; };
		B9F7760F1C544A4A0039BCEB /* error.swift in Sources */ = {isa = PBXBuildFile; fileRef = B9F7760E1C544A4A0039BCEB /* error.swift */; };
		B9F776111C5454F00039BCEB /* TypeCasting.swift in Sources */ = {isa = PBXBuildFile; fileRef = B9F776101C5454F00039BCEB /* TypeCasting.swift */; };
		B9F776131C5461670039BCEB /* extension.swift in Sources */ = {isa = PBXBuildFile; fileRef = B9F776121C5461670039BCEB /* extension.swift */; };
		B9F776151C5473D20039BCEB /* protocol.swift in Sources */ = {isa = PBXBuildFile; fileRef = B9F776141C5473D20039BCEB /* protocol.swift */; };
/* End PBXBuildFile section */

/* Begin PBXCopyFilesBuildPhase section */
		B93BA31B1C41F5FD00A87486 /* CopyFiles */ = {
			isa = PBXCopyFilesBuildPhase;
			buildActionMask = 2147483647;
			dstPath = /usr/share/man/man1/;
			dstSubfolderSpec = 0;
			files = (
			);
			runOnlyForDeploymentPostprocessing = 1;
		};
/* End PBXCopyFilesBuildPhase section */

/* Begin PBXFileReference section */
		21418AA51C589D78007105AE /* type.swift */ = {isa = PBXFileReference; fileEncoding = 4; lastKnownFileType = sourcecode.swift; path = type.swift; sourceTree = "<group>"; };
		21428F741C574A6800A0B25B /* operator.swift */ = {isa = PBXFileReference; fileEncoding = 4; lastKnownFileType = sourcecode.swift; path = operator.swift; sourceTree = "<group>"; };
		2144362B1C55BEF20077AD77 /* generics.swift */ = {isa = PBXFileReference; fileEncoding = 4; lastKnownFileType = sourcecode.swift; path = generics.swift; sourceTree = "<group>"; };
		2144362D1C55FD910077AD77 /* AccessControl.swift */ = {isa = PBXFileReference; fileEncoding = 4; lastKnownFileType = sourcecode.swift; path = AccessControl.swift; sourceTree = "<group>"; };
		217CAA921C521B1400736866 /* initializer.swift */ = {isa = PBXFileReference; fileEncoding = 4; lastKnownFileType = sourcecode.swift; path = initializer.swift; sourceTree = "<group>"; };
		B93BA31D1C41F5FD00A87486 /* Swift2.0 */ = {isa = PBXFileReference; explicitFileType = "compiled.mach-o.executable"; includeInIndex = 0; path = Swift2.0; sourceTree = BUILT_PRODUCTS_DIR; };
		B93BA3201C41F5FD00A87486 /* main.swift */ = {isa = PBXFileReference; lastKnownFileType = sourcecode.swift; path = main.swift; sourceTree = "<group>"; };
		B9F775FC1C5327C20039BCEB /* ASwiftTour.swift */ = {isa = PBXFileReference; fileEncoding = 4; lastKnownFileType = sourcecode.swift; path = ASwiftTour.swift; sourceTree = "<group>"; };
		B9F775FE1C532B5B0039BCEB /* String.swift */ = {isa = PBXFileReference; fileEncoding = 4; lastKnownFileType = sourcecode.swift; path = String.swift; sourceTree = "<group>"; };
		B9F776001C532B7E0039BCEB /* SetArrayDict.swift */ = {isa = PBXFileReference; fileEncoding = 4; lastKnownFileType = sourcecode.swift; path = SetArrayDict.swift; sourceTree = "<group>"; };
		B9F776021C532C120039BCEB /* Control.swift */ = {isa = PBXFileReference; fileEncoding = 4; lastKnownFileType = sourcecode.swift; path = Control.swift; sourceTree = "<group>"; };
		B9F776041C532CCC0039BCEB /* fun.swift */ = {isa = PBXFileReference; fileEncoding = 4; lastKnownFileType = sourcecode.swift; path = fun.swift; sourceTree = "<group>"; };
		B9F776061C532D600039BCEB /* closure.swift */ = {isa = PBXFileReference; fileEncoding = 4; lastKnownFileType = sourcecode.swift; path = closure.swift; sourceTree = "<group>"; };
		B9F776081C532DA00039BCEB /* enum.swift */ = {isa = PBXFileReference; fileEncoding = 4; lastKnownFileType = sourcecode.swift; path = enum.swift; sourceTree = "<group>"; };
		B9F7760A1C532E520039BCEB /* ARC.swift */ = {isa = PBXFileReference; fileEncoding = 4; lastKnownFileType = sourcecode.swift; path = ARC.swift; sourceTree = "<group>"; };
		B9F7760C1C5337D10039BCEB /* OptionalChaining.swift */ = {isa = PBXFileReference; fileEncoding = 4; lastKnownFileType = sourcecode.swift; path = OptionalChaining.swift; sourceTree = "<group>"; };
		B9F7760E1C544A4A0039BCEB /* error.swift */ = {isa = PBXFileReference; fileEncoding = 4; lastKnownFileType = sourcecode.swift; path = error.swift; sourceTree = "<group>"; };
		B9F776101C5454F00039BCEB /* TypeCasting.swift */ = {isa = PBXFileReference; fileEncoding = 4; lastKnownFileType = sourcecode.swift; path = TypeCasting.swift; sourceTree = "<group>"; };
		B9F776121C5461670039BCEB /* extension.swift */ = {isa = PBXFileReference; fileEncoding = 4; lastKnownFileType = sourcecode.swift; path = extension.swift; sourceTree = "<group>"; };
		B9F776141C5473D20039BCEB /* protocol.swift */ = {isa = PBXFileReference; fileEncoding = 4; lastKnownFileType = sourcecode.swift; path = protocol.swift; sourceTree = "<group>"; };
/* End PBXFileReference section */

/* Begin PBXFrameworksBuildPhase section */
		B93BA31A1C41F5FD00A87486 /* Frameworks */ = {
			isa = PBXFrameworksBuildPhase;
			buildActionMask = 2147483647;
			files = (
			);
			runOnlyForDeploymentPostprocessing = 0;
		};
/* End PBXFrameworksBuildPhase section */

/* Begin PBXGroup section */
		B93BA3141C41F5FD00A87486 = {
			isa = PBXGroup;
			children = (
				B93BA31F1C41F5FD00A87486 /* Swift2.0 */,
				B93BA31E1C41F5FD00A87486 /* Products */,
			);
			sourceTree = "<group>";
		};
		B93BA31E1C41F5FD00A87486 /* Products */ = {
			isa = PBXGroup;
			children = (
				B93BA31D1C41F5FD00A87486 /* Swift2.0 */,
			);
			name = Products;
			sourceTree = "<group>";
		};
		B93BA31F1C41F5FD00A87486 /* Swift2.0 */ = {
			isa = PBXGroup;
			children = (
				B93BA3201C41F5FD00A87486 /* main.swift */,
				21428F741C574A6800A0B25B /* operator.swift */,
				21418AA51C589D78007105AE /* type.swift */,
				2144362B1C55BEF20077AD77 /* generics.swift */,
				B9F7760A1C532E520039BCEB /* ARC.swift */,
				B9F7760C1C5337D10039BCEB /* OptionalChaining.swift */,
				B9F776081C532DA00039BCEB /* enum.swift */,
				B9F7760E1C544A4A0039BCEB /* error.swift */,
				B9F776101C5454F00039BCEB /* TypeCasting.swift */,
				2144362D1C55FD910077AD77 /* AccessControl.swift */,
				B9F776121C5461670039BCEB /* extension.swift */,
				B9F776141C5473D20039BCEB /* protocol.swift */,
				B9F776061C532D600039BCEB /* closure.swift */,
				B9F776041C532CCC0039BCEB /* fun.swift */,
				B9F776021C532C120039BCEB /* Control.swift */,
				B9F776001C532B7E0039BCEB /* SetArrayDict.swift */,
				B9F775FE1C532B5B0039BCEB /* String.swift */,
				B9F775FC1C5327C20039BCEB /* ASwiftTour.swift */,
				217CAA921C521B1400736866 /* initializer.swift */,
			);
			path = Swift2.0;
			sourceTree = "<group>";
		};
/* End PBXGroup section */

/* Begin PBXNativeTarget section */
		B93BA31C1C41F5FD00A87486 /* Swift2.0 */ = {
			isa = PBXNativeTarget;
			buildConfigurationList = B93BA3241C41F5FD00A87486 /* Build configuration list for PBXNativeTarget "Swift2.0" */;
			buildPhases = (
				B93BA3191C41F5FD00A87486 /* Sources */,
				B93BA31A1C41F5FD00A87486 /* Frameworks */,
				B93BA31B1C41F5FD00A87486 /* CopyFiles */,
			);
			buildRules = (
			);
			dependencies = (
			);
			name = Swift2.0;
			productName = Swift2.0;
			productReference = B93BA31D1C41F5FD00A87486 /* Swift2.0 */;
			productType = "com.apple.product-type.tool";
		};
/* End PBXNativeTarget section */

/* Begin PBXProject section */
		B93BA3151C41F5FD00A87486 /* Project object */ = {
			isa = PBXProject;
			attributes = {
				LastSwiftUpdateCheck = 0720;
				LastUpgradeCheck = 0720;
				ORGANIZATIONNAME = "李亮";
				TargetAttributes = {
					B93BA31C1C41F5FD00A87486 = {
						CreatedOnToolsVersion = 7.2;
					};
				};
			};
			buildConfigurationList = B93BA3181C41F5FD00A87486 /* Build configuration list for PBXProject "Swift2.0" */;
			compatibilityVersion = "Xcode 3.2";
			developmentRegion = English;
			hasScannedForEncodings = 0;
			knownRegions = (
				en,
			);
			mainGroup = B93BA3141C41F5FD00A87486;
			productRefGroup = B93BA31E1C41F5FD00A87486 /* Products */;
			projectDirPath = "";
			projectRoot = "";
			targets = (
				B93BA31C1C41F5FD00A87486 /* Swift2.0 */,
			);
		};
/* End PBXProject section */

/* Begin PBXSourcesBuildPhase section */
		B93BA3191C41F5FD00A87486 /* Sources */ = {
			isa = PBXSourcesBuildPhase;
			buildActionMask = 2147483647;
			files = (
				B9F776051C532CCC0039BCEB /* fun.swift in Sources */,
				B9F776131C5461670039BCEB /* extension.swift in Sources */,
				217CAA931C521B1400736866 /* initializer.swift in Sources */,
				B93BA3211C41F5FD00A87486 /* main.swift in Sources */,
				B9F776151C5473D20039BCEB /* protocol.swift in Sources */,
				B9F775FF1C532B5B0039BCEB /* String.swift in Sources */,
				B9F7760F1C544A4A0039BCEB /* error.swift in Sources */,
				B9F775FD1C5327C20039BCEB /* ASwiftTour.swift in Sources */,
				B9F776091C532DA00039BCEB /* enum.swift in Sources */,
				2144362C1C55BEF20077AD77 /* generics.swift in Sources */,
				B9F776071C532D600039BCEB /* closure.swift in Sources */,
				B9F776111C5454F00039BCEB /* TypeCasting.swift in Sources */,
				2144362E1C55FD910077AD77 /* AccessControl.swift in Sources */,
				B9F776011C532B7E0039BCEB /* SetArrayDict.swift in Sources */,
				B9F7760B1C532E520039BCEB /* ARC.swift in Sources */,
				21418AA61C589D78007105AE /* type.swift in Sources */,
				21428F751C574A6800A0B25B /* operator.swift in Sources */,
				B9F7760D1C5337D10039BCEB /* OptionalChaining.swift in Sources */,
				B9F776031C532C120039BCEB /* Control.swift in Sources */,
			);
			runOnlyForDeploymentPostprocessing = 0;
		};
/* End PBXSourcesBuildPhase section */

/* Begin XCBuildConfiguration section */
		B93BA3221C41F5FD00A87486 /* Debug */ = {
			isa = XCBuildConfiguration;
			buildSettings = {
				ALWAYS_SEARCH_USER_PATHS = NO;
				CLANG_CXX_LANGUAGE_STANDARD = "gnu++0x";
				CLANG_CXX_LIBRARY = "libc++";
				CLANG_ENABLE_MODULES = YES;
				CLANG_ENABLE_OBJC_ARC = YES;
				CLANG_WARN_BOOL_CONVERSION = YES;
				CLANG_WARN_CONSTANT_CONVERSION = YES;
				CLANG_WARN_DIRECT_OBJC_ISA_USAGE = YES_ERROR;
				CLANG_WARN_EMPTY_BODY = YES;
				CLANG_WARN_ENUM_CONVERSION = YES;
				CLANG_WARN_INT_CONVERSION = YES;
				CLANG_WARN_OBJC_ROOT_CLASS = YES_ERROR;
				CLANG_WARN_UNREACHABLE_CODE = YES;
				CLANG_WARN__DUPLICATE_METHOD_MATCH = YES;
				CODE_SIGN_IDENTITY = "-";
				COPY_PHASE_STRIP = NO;
				DEBUG_INFORMATION_FORMAT = dwarf;
				ENABLE_STRICT_OBJC_MSGSEND = YES;
				ENABLE_TESTABILITY = YES;
				GCC_C_LANGUAGE_STANDARD = gnu99;
				GCC_DYNAMIC_NO_PIC = NO;
				GCC_NO_COMMON_BLOCKS = YES;
				GCC_OPTIMIZATION_LEVEL = 0;
				GCC_PREPROCESSOR_DEFINITIONS = (
					"DEBUG=1",
					"$(inherited)",
				);
				GCC_WARN_64_TO_32_BIT_CONVERSION = YES;
				GCC_WARN_ABOUT_RETURN_TYPE = YES_ERROR;
				GCC_WARN_UNDECLARED_SELECTOR = YES;
				GCC_WARN_UNINITIALIZED_AUTOS = YES_AGGRESSIVE;
				GCC_WARN_UNUSED_FUNCTION = YES;
				GCC_WARN_UNUSED_VARIABLE = YES;
				MACOSX_DEPLOYMENT_TARGET = 10.11;
				MTL_ENABLE_DEBUG_INFO = YES;
				ONLY_ACTIVE_ARCH = YES;
				SDKROOT = macosx;
				SWIFT_OPTIMIZATION_LEVEL = "-Onone";
			};
			name = Debug;
		};
		B93BA3231C41F5FD00A87486 /* Release */ = {
			isa = XCBuildConfiguration;
			buildSettings = {
				ALWAYS_SEARCH_USER_PATHS = NO;
				CLANG_CXX_LANGUAGE_STANDARD = "gnu++0x";
				CLANG_CXX_LIBRARY = "libc++";
				CLANG_ENABLE_MODULES = YES;
				CLANG_ENABLE_OBJC_ARC = YES;
				CLANG_WARN_BOOL_CONVERSION = YES;
				CLANG_WARN_CONSTANT_CONVERSION = YES;
				CLANG_WARN_DIRECT_OBJC_ISA_USAGE = YES_ERROR;
				CLANG_WARN_EMPTY_BODY = YES;
				CLANG_WARN_ENUM_CONVERSION = YES;
				CLANG_WARN_INT_CONVERSION = YES;
				CLANG_WARN_OBJC_ROOT_CLASS = YES_ERROR;
				CLANG_WARN_UNREACHABLE_CODE = YES;
				CLANG_WARN__DUPLICATE_METHOD_MATCH = YES;
				CODE_SIGN_IDENTITY = "-";
				COPY_PHASE_STRIP = NO;
				DEBUG_INFORMATION_FORMAT = "dwarf-with-dsym";
				ENABLE_NS_ASSERTIONS = NO;
				ENABLE_STRICT_OBJC_MSGSEND = YES;
				GCC_C_LANGUAGE_STANDARD = gnu99;
				GCC_NO_COMMON_BLOCKS = YES;
				GCC_WARN_64_TO_32_BIT_CONVERSION = YES;
				GCC_WARN_ABOUT_RETURN_TYPE = YES_ERROR;
				GCC_WARN_UNDECLARED_SELECTOR = YES;
				GCC_WARN_UNINITIALIZED_AUTOS = YES_AGGRESSIVE;
				GCC_WARN_UNUSED_FUNCTION = YES;
				GCC_WARN_UNUSED_VARIABLE = YES;
				MACOSX_DEPLOYMENT_TARGET = 10.11;
				MTL_ENABLE_DEBUG_INFO = NO;
				SDKROOT = macosx;
			};
			name = Release;
		};
		B93BA3251C41F5FD00A87486 /* Debug */ = {
			isa = XCBuildConfiguration;
			buildSettings = {
				PRODUCT_NAME = "$(TARGET_NAME)";
			};
			name = Debug;
		};
		B93BA3261C41F5FD00A87486 /* Release */ = {
			isa = XCBuildConfiguration;
			buildSettings = {
				PRODUCT_NAME = "$(TARGET_NAME)";
			};
			name = Release;
		};
/* End XCBuildConfiguration section */

/* Begin XCConfigurationList section */
		B93BA3181C41F5FD00A87486 /* Build configuration list for PBXProject "Swift2.0" */ = {
			isa = XCConfigurationList;
			buildConfigurations = (
				B93BA3221C41F5FD00A87486 /* Debug */,
				B93BA3231C41F5FD00A87486 /* Release */,
			);
			defaultConfigurationIsVisible = 0;
			defaultConfigurationName = Release;
		};
		B93BA3241C41F5FD00A87486 /* Build configuration list for PBXNativeTarget "Swift2.0" */ = {
			isa = XCConfigurationList;
			buildConfigurations = (
				B93BA3251C41F5FD00A87486 /* Debug */,
				B93BA3261C41F5FD00A87486 /* Release */,
			);
			defaultConfigurationIsVisible = 0;
			defaultConfigurationName = Release;
		};
/* End XCConfigurationList section */
	};
	rootObject = B93BA3151C41F5FD00A87486 /* Project object */;
}
